
Microsoft Visual Studio Solution File, Format Version 12.00
# Visual Studio Version 16
VisualStudioVersion = 16.0.30413.136
MinimumVisualStudioVersion = 10.0.40219.1
Project("{9A19103F-16F7-4668-BE54-9A1E7A4F7556}") = "ConsoleApp1", "ConsoleApp1.csproj", "{AED98F7A-078D-4EDE-B3CB-19EB529C6108}"
EndProject
Global
	GlobalSection(SolutionConfigurationPlatforms) = preSolution
		Debug|Any CPU = Debug|Any CPU
		Release|Any CPU = Release|Any CPU
	EndGlobalSection
	GlobalSection(ProjectConfigurationPlatforms) = postSolution
		{AED98F7A-078D-4EDE-B3CB-19EB529C6108}.Debug|Any CPU.ActiveCfg = Debug|Any CPU
		{AED98F7A-078D-4EDE-B3CB-19EB529C6108}.Debug|Any CPU.Build.0 = Debug|Any CPU
		{AED98F7A-078D-4EDE-B3CB-19EB529C6108}.Release|Any CPU.ActiveCfg = Release|Any CPU
		{AED98F7A-078D-4EDE-B3CB-19EB529C6108}.Release|Any CPU.Build.0 = Release|Any CPU
	EndGlobalSection
	GlobalSection(SolutionProperties) = preSolution
		HideSolutionNode = FALSE
	EndGlobalSection
	GlobalSection(ExtensibilityGlobals) = postSolution
		SolutionGuid = {F52FC65F-549C-4146-B060-E4F1DDEAE1D5}
	EndGlobalSection
EndGlobal
